
Microsoft Visual Studio Solution File, Format Version 12.00
# Visual Studio Version 16
VisualStudioVersion = 16.0.32929.386
MinimumVisualStudioVersion = 10.0.40219.1
Project("{FAE04EC0-301F-11D3-BF4B-00C04F79EFBC}") = "KidsGameAPI", "KidsGameAPI\KidsGameAPI.csproj", "{16AB6D0D-9D1B-425B-A11D-9C972EF76F0A}"
EndProject
Global
	GlobalSection(SolutionConfigurationPlatforms) = preSolution
		Debug|Any CPU = Debug|Any CPU
		Release|Any CPU = Release|Any CPU
	EndGlobalSection
	GlobalSection(ProjectConfigurationPlatforms) = postSolution
		{16AB6D0D-9D1B-425B-A11D-9C972EF76F0A}.Debug|Any CPU.ActiveCfg = Debug|Any CPU
		{16AB6D0D-9D1B-425B-A11D-9C972EF76F0A}.Debug|Any CPU.Build.0 = Debug|Any CPU
		{16AB6D0D-9D1B-425B-A11D-9C972EF76F0A}.Release|Any CPU.ActiveCfg = Release|Any CPU
		{16AB6D0D-9D1B-425B-A11D-9C972EF76F0A}.Release|Any CPU.Build.0 = Release|Any CPU
	EndGlobalSection
	GlobalSection(SolutionProperties) = preSolution
		HideSolutionNode = FALSE
	EndGlobalSection
	GlobalSection(ExtensibilityGlobals) = postSolution
		SolutionGuid = {98689DB6-F263-4A95-93E0-777AC4AF5BD0}
	EndGlobalSection
EndGlobal
